{
  "name": "OnlineGrader",
  "lockfileVersion": 2,
  "requires": true,
  "packages": {
    "": {
      "dependencies": {
        "material-icons": "^1.10.2"
      }
    },
    "node_modules/material-icons": {
      "version": "1.10.2",
      "resolved": "https://registry.npmjs.org/material-icons/-/material-icons-1.10.2.tgz",
      "integrity": "sha512-JCnFL3NvfFzIvX/ub8HW+f1Ij1JxhdE6kCHOnladuSoHSP9ue6vqvxQLyiA2uNgWp4BMTv86OWsZPerY2qKYbw=="
    }
  },
  "dependencies": {
    "material-icons": {
      "version": "1.10.2",
      "resolved": "https://registry.npmjs.org/material-icons/-/material-icons-1.10.2.tgz",
      "integrity": "sha512-JCnFL3NvfFzIvX/ub8HW+f1Ij1JxhdE6kCHOnladuSoHSP9ue6vqvxQLyiA2uNgWp4BMTv86OWsZPerY2qKYbw=="
    }
  }
}
